
Microsoft Visual Studio Solution File, Format Version 12.00
# Visual Studio Version 17
VisualStudioVersion = 17.0.31903.59
MinimumVisualStudioVersion = 10.0.40219.1
Project("{2150E333-8FDC-42A3-9474-1A3956D46DE8}") = "test", "test", "{27562E40-7E9F-448D-82B9-1751B1F6C1C6}"
EndProject
Project("{2150E333-8FDC-42A3-9474-1A3956D46DE8}") = "src", "src", "{059BC530-AA63-4355-9EFB-0758E83C5B7D}"
EndProject
Project("{FAE04EC0-301F-11D3-BF4B-00C04F79EFBC}") = "ChirpWeb", "src\ChirpWeb\ChirpWeb.csproj", "{491426D5-0389-4965-8422-637BBD186170}"
EndProject
Project("{FAE04EC0-301F-11D3-BF4B-00C04F79EFBC}") = "ChirpInfrastructure", "src\ChirpInfrastructure\ChirpInfrastructure.csproj", "{6CFE1835-DF8F-4CF4-82C9-E6D27243E756}"
EndProject
Project("{FAE04EC0-301F-11D3-BF4B-00C04F79EFBC}") = "ChirpCore", "src\ChirpCore\ChirpCore.csproj", "{62870BE0-86E9-437B-8853-0877B4EE8A49}"
EndProject
Project("{FAE04EC0-301F-11D3-BF4B-00C04F79EFBC}") = "Chirp.ChirpInfrastructure.Tests", "test\Chirp.ChirpInfrastructure.Tests\Chirp.ChirpInfrastructure.Tests.csproj", "{A3B8FD2F-ED08-4541-8791-F3319D360E24}"
EndProject
Project("{FAE04EC0-301F-11D3-BF4B-00C04F79EFBC}") = "Chirp.ChirpWeb.Tests", "test\Chirp.ChirpWeb.Tests\Chirp.ChirpWeb.Tests.csproj", "{2E08F42D-1448-4750-AB9A-718D31773580}"
EndProject
Project("{FAE04EC0-301F-11D3-BF4B-00C04F79EFBC}") = "Chirp.ChirpCore.Tests", "test\Chirp.ChirpCore.Tests\Chirp.ChirpCore.Tests.csproj", "{192DEEA5-F02E-4C3F-806F-57EB94CC2A92}"
EndProject
Project("{FAE04EC0-301F-11D3-BF4B-00C04F79EFBC}") = "Chirp.CrossTests", "test\Chirp.CrossTests\Chirp.CrossTests.csproj", "{BEF4D646-1EAC-4BBC-BC0E-D858DB494003}"
EndProject
Global
	GlobalSection(SolutionConfigurationPlatforms) = preSolution
		Debug|Any CPU = Debug|Any CPU
		Release|Any CPU = Release|Any CPU
	EndGlobalSection
	GlobalSection(ProjectConfigurationPlatforms) = postSolution
		{872AA918-021F-4228-A2B7-2C83AE542556}.Debug|Any CPU.ActiveCfg = Debug|Any CPU
		{872AA918-021F-4228-A2B7-2C83AE542556}.Debug|Any CPU.Build.0 = Debug|Any CPU
		{872AA918-021F-4228-A2B7-2C83AE542556}.Release|Any CPU.ActiveCfg = Release|Any CPU
		{872AA918-021F-4228-A2B7-2C83AE542556}.Release|Any CPU.Build.0 = Release|Any CPU
		{820D499B-B4BB-4C07-961D-A3C1E35FD81B}.Debug|Any CPU.ActiveCfg = Debug|Any CPU
		{820D499B-B4BB-4C07-961D-A3C1E35FD81B}.Debug|Any CPU.Build.0 = Debug|Any CPU
		{820D499B-B4BB-4C07-961D-A3C1E35FD81B}.Release|Any CPU.ActiveCfg = Release|Any CPU
		{820D499B-B4BB-4C07-961D-A3C1E35FD81B}.Release|Any CPU.Build.0 = Release|Any CPU
		{491426D5-0389-4965-8422-637BBD186170}.Debug|Any CPU.ActiveCfg = Debug|Any CPU
		{491426D5-0389-4965-8422-637BBD186170}.Debug|Any CPU.Build.0 = Debug|Any CPU
		{491426D5-0389-4965-8422-637BBD186170}.Release|Any CPU.ActiveCfg = Release|Any CPU
		{491426D5-0389-4965-8422-637BBD186170}.Release|Any CPU.Build.0 = Release|Any CPU
		{6CFE1835-DF8F-4CF4-82C9-E6D27243E756}.Debug|Any CPU.ActiveCfg = Debug|Any CPU
		{6CFE1835-DF8F-4CF4-82C9-E6D27243E756}.Debug|Any CPU.Build.0 = Debug|Any CPU
		{6CFE1835-DF8F-4CF4-82C9-E6D27243E756}.Release|Any CPU.ActiveCfg = Release|Any CPU
		{6CFE1835-DF8F-4CF4-82C9-E6D27243E756}.Release|Any CPU.Build.0 = Release|Any CPU
		{62870BE0-86E9-437B-8853-0877B4EE8A49}.Debug|Any CPU.ActiveCfg = Debug|Any CPU
		{62870BE0-86E9-437B-8853-0877B4EE8A49}.Debug|Any CPU.Build.0 = Debug|Any CPU
		{62870BE0-86E9-437B-8853-0877B4EE8A49}.Release|Any CPU.ActiveCfg = Release|Any CPU
		{62870BE0-86E9-437B-8853-0877B4EE8A49}.Release|Any CPU.Build.0 = Release|Any CPU
		{A3B8FD2F-ED08-4541-8791-F3319D360E24}.Debug|Any CPU.ActiveCfg = Debug|Any CPU
		{A3B8FD2F-ED08-4541-8791-F3319D360E24}.Debug|Any CPU.Build.0 = Debug|Any CPU
		{A3B8FD2F-ED08-4541-8791-F3319D360E24}.Release|Any CPU.ActiveCfg = Release|Any CPU
		{A3B8FD2F-ED08-4541-8791-F3319D360E24}.Release|Any CPU.Build.0 = Release|Any CPU
		{2E08F42D-1448-4750-AB9A-718D31773580}.Debug|Any CPU.ActiveCfg = Debug|Any CPU
		{2E08F42D-1448-4750-AB9A-718D31773580}.Debug|Any CPU.Build.0 = Debug|Any CPU
		{2E08F42D-1448-4750-AB9A-718D31773580}.Release|Any CPU.ActiveCfg = Release|Any CPU
		{2E08F42D-1448-4750-AB9A-718D31773580}.Release|Any CPU.Build.0 = Release|Any CPU
		{192DEEA5-F02E-4C3F-806F-57EB94CC2A92}.Debug|Any CPU.ActiveCfg = Debug|Any CPU
		{192DEEA5-F02E-4C3F-806F-57EB94CC2A92}.Debug|Any CPU.Build.0 = Debug|Any CPU
		{192DEEA5-F02E-4C3F-806F-57EB94CC2A92}.Release|Any CPU.ActiveCfg = Release|Any CPU
		{192DEEA5-F02E-4C3F-806F-57EB94CC2A92}.Release|Any CPU.Build.0 = Release|Any CPU
		{BEF4D646-1EAC-4BBC-BC0E-D858DB494003}.Debug|Any CPU.ActiveCfg = Debug|Any CPU
		{BEF4D646-1EAC-4BBC-BC0E-D858DB494003}.Debug|Any CPU.Build.0 = Debug|Any CPU
		{BEF4D646-1EAC-4BBC-BC0E-D858DB494003}.Release|Any CPU.ActiveCfg = Release|Any CPU
		{BEF4D646-1EAC-4BBC-BC0E-D858DB494003}.Release|Any CPU.Build.0 = Release|Any CPU
	EndGlobalSection
	GlobalSection(SolutionProperties) = preSolution
		HideSolutionNode = FALSE
	EndGlobalSection
	GlobalSection(NestedProjects) = preSolution
		{491426D5-0389-4965-8422-637BBD186170} = {059BC530-AA63-4355-9EFB-0758E83C5B7D}
		{6CFE1835-DF8F-4CF4-82C9-E6D27243E756} = {059BC530-AA63-4355-9EFB-0758E83C5B7D}
		{62870BE0-86E9-437B-8853-0877B4EE8A49} = {059BC530-AA63-4355-9EFB-0758E83C5B7D}
		{A3B8FD2F-ED08-4541-8791-F3319D360E24} = {27562E40-7E9F-448D-82B9-1751B1F6C1C6}
		{2E08F42D-1448-4750-AB9A-718D31773580} = {27562E40-7E9F-448D-82B9-1751B1F6C1C6}
		{192DEEA5-F02E-4C3F-806F-57EB94CC2A92} = {27562E40-7E9F-448D-82B9-1751B1F6C1C6}
		{BEF4D646-1EAC-4BBC-BC0E-D858DB494003} = {27562E40-7E9F-448D-82B9-1751B1F6C1C6}
	EndGlobalSection
EndGlobal
