
Microsoft Visual Studio Solution File, Format Version 12.00
# Visual Studio Version 17
VisualStudioVersion = 17.5.002.0
MinimumVisualStudioVersion = 10.0.40219.1
Project("{9A19103F-16F7-4668-BE54-9A1E7A4F7556}") = "Chirp.CLI", "Chirp.CLI.csproj", "{E73F7973-B018-404C-8577-82E5F0A8AC3C}"
EndProject
Global
	GlobalSection(SolutionConfigurationPlatforms) = preSolution
		Debug|Any CPU = Debug|Any CPU
		Release|Any CPU = Release|Any CPU
	EndGlobalSection
	GlobalSection(ProjectConfigurationPlatforms) = postSolution
		{E73F7973-B018-404C-8577-82E5F0A8AC3C}.Debug|Any CPU.ActiveCfg = Debug|Any CPU
		{E73F7973-B018-404C-8577-82E5F0A8AC3C}.Debug|Any CPU.Build.0 = Debug|Any CPU
		{E73F7973-B018-404C-8577-82E5F0A8AC3C}.Release|Any CPU.ActiveCfg = Release|Any CPU
		{E73F7973-B018-404C-8577-82E5F0A8AC3C}.Release|Any CPU.Build.0 = Release|Any CPU
	EndGlobalSection
	GlobalSection(SolutionProperties) = preSolution
		HideSolutionNode = FALSE
	EndGlobalSection
	GlobalSection(ExtensibilityGlobals) = postSolution
		SolutionGuid = {688A030C-F4AD-4774-8494-50C6FB6238B5}
	EndGlobalSection
EndGlobal
