
Microsoft Visual Studio Solution File, Format Version 12.00
# Visual Studio Version 17
VisualStudioVersion = 17.0.31903.59
MinimumVisualStudioVersion = 10.0.40219.1
Project("{2150E333-8FDC-42A3-9474-1A3956D46DE8}") = "src", "src", "{82409831-55FA-4F19-9E6C-BA57259F5564}"
EndProject
Project("{FAE04EC0-301F-11D3-BF4B-00C04F79EFBC}") = "ChirpCore", "src\ChirpCore\ChirpCore.csproj", "{F2E2822E-D1FB-419C-B312-337EFA463211}"
EndProject
Project("{FAE04EC0-301F-11D3-BF4B-00C04F79EFBC}") = "ChirpInfrastructure", "src\ChirpInfrastructure\ChirpInfrastructure.csproj", "{D449327F-7AB5-4DF3-8FE7-B6992D140011}"
EndProject
Project("{FAE04EC0-301F-11D3-BF4B-00C04F79EFBC}") = "ChirpWeb", "src\ChirpWeb\ChirpWeb.csproj", "{C2C87767-C173-4B1F-8E95-3C74570F8FEF}"
EndProject
Project("{2150E333-8FDC-42A3-9474-1A3956D46DE8}") = "test", "test", "{A5583656-6D9F-42A9-A963-796F0AF0191B}"
EndProject
Project("{FAE04EC0-301F-11D3-BF4B-00C04F79EFBC}") = "Chirp.ChirpCore.Tests", "test\Chirp.ChirpCore.Tests\Chirp.ChirpCore.Tests.csproj", "{0156323F-D7E8-4952-93BA-40D1C05E6976}"
EndProject
Project("{FAE04EC0-301F-11D3-BF4B-00C04F79EFBC}") = "Chirp.ChirpInfrastructure.Tests", "test\Chirp.ChirpInfrastructure.Tests\Chirp.ChirpInfrastructure.Tests.csproj", "{25449D75-179D-4D7C-83E5-B2A18B887F07}"
EndProject
Project("{FAE04EC0-301F-11D3-BF4B-00C04F79EFBC}") = "Chirp.ChirpWeb.Tests", "test\Chirp.ChirpWeb.Tests\Chirp.ChirpWeb.Tests.csproj", "{9B755C07-BEF9-45B4-AF29-568B48FA87DB}"
EndProject
Project("{FAE04EC0-301F-11D3-BF4B-00C04F79EFBC}") = "Chirp.CrossTests", "test\Chirp.CrossTests\Chirp.CrossTests.csproj", "{04506CFB-623B-4A3C-8A61-CCF69DAE2F05}"
EndProject
Global
	GlobalSection(SolutionConfigurationPlatforms) = preSolution
		Debug|Any CPU = Debug|Any CPU
		Release|Any CPU = Release|Any CPU
	EndGlobalSection
	GlobalSection(SolutionProperties) = preSolution
		HideSolutionNode = FALSE
	EndGlobalSection
	GlobalSection(ProjectConfigurationPlatforms) = postSolution
		{F2E2822E-D1FB-419C-B312-337EFA463211}.Debug|Any CPU.ActiveCfg = Debug|Any CPU
		{F2E2822E-D1FB-419C-B312-337EFA463211}.Debug|Any CPU.Build.0 = Debug|Any CPU
		{F2E2822E-D1FB-419C-B312-337EFA463211}.Release|Any CPU.ActiveCfg = Release|Any CPU
		{F2E2822E-D1FB-419C-B312-337EFA463211}.Release|Any CPU.Build.0 = Release|Any CPU
		{D449327F-7AB5-4DF3-8FE7-B6992D140011}.Debug|Any CPU.ActiveCfg = Debug|Any CPU
		{D449327F-7AB5-4DF3-8FE7-B6992D140011}.Debug|Any CPU.Build.0 = Debug|Any CPU
		{D449327F-7AB5-4DF3-8FE7-B6992D140011}.Release|Any CPU.ActiveCfg = Release|Any CPU
		{D449327F-7AB5-4DF3-8FE7-B6992D140011}.Release|Any CPU.Build.0 = Release|Any CPU
		{C2C87767-C173-4B1F-8E95-3C74570F8FEF}.Debug|Any CPU.ActiveCfg = Debug|Any CPU
		{C2C87767-C173-4B1F-8E95-3C74570F8FEF}.Debug|Any CPU.Build.0 = Debug|Any CPU
		{C2C87767-C173-4B1F-8E95-3C74570F8FEF}.Release|Any CPU.ActiveCfg = Release|Any CPU
		{C2C87767-C173-4B1F-8E95-3C74570F8FEF}.Release|Any CPU.Build.0 = Release|Any CPU
		{0156323F-D7E8-4952-93BA-40D1C05E6976}.Debug|Any CPU.ActiveCfg = Debug|Any CPU
		{0156323F-D7E8-4952-93BA-40D1C05E6976}.Debug|Any CPU.Build.0 = Debug|Any CPU
		{0156323F-D7E8-4952-93BA-40D1C05E6976}.Release|Any CPU.ActiveCfg = Release|Any CPU
		{0156323F-D7E8-4952-93BA-40D1C05E6976}.Release|Any CPU.Build.0 = Release|Any CPU
		{25449D75-179D-4D7C-83E5-B2A18B887F07}.Debug|Any CPU.ActiveCfg = Debug|Any CPU
		{25449D75-179D-4D7C-83E5-B2A18B887F07}.Debug|Any CPU.Build.0 = Debug|Any CPU
		{25449D75-179D-4D7C-83E5-B2A18B887F07}.Release|Any CPU.ActiveCfg = Release|Any CPU
		{25449D75-179D-4D7C-83E5-B2A18B887F07}.Release|Any CPU.Build.0 = Release|Any CPU
		{9B755C07-BEF9-45B4-AF29-568B48FA87DB}.Debug|Any CPU.ActiveCfg = Debug|Any CPU
		{9B755C07-BEF9-45B4-AF29-568B48FA87DB}.Debug|Any CPU.Build.0 = Debug|Any CPU
		{9B755C07-BEF9-45B4-AF29-568B48FA87DB}.Release|Any CPU.ActiveCfg = Release|Any CPU
		{9B755C07-BEF9-45B4-AF29-568B48FA87DB}.Release|Any CPU.Build.0 = Release|Any CPU
		{04506CFB-623B-4A3C-8A61-CCF69DAE2F05}.Debug|Any CPU.ActiveCfg = Debug|Any CPU
		{04506CFB-623B-4A3C-8A61-CCF69DAE2F05}.Debug|Any CPU.Build.0 = Debug|Any CPU
		{04506CFB-623B-4A3C-8A61-CCF69DAE2F05}.Release|Any CPU.ActiveCfg = Release|Any CPU
		{04506CFB-623B-4A3C-8A61-CCF69DAE2F05}.Release|Any CPU.Build.0 = Release|Any CPU
	EndGlobalSection
	GlobalSection(NestedProjects) = preSolution
		{F2E2822E-D1FB-419C-B312-337EFA463211} = {82409831-55FA-4F19-9E6C-BA57259F5564}
		{D449327F-7AB5-4DF3-8FE7-B6992D140011} = {82409831-55FA-4F19-9E6C-BA57259F5564}
		{C2C87767-C173-4B1F-8E95-3C74570F8FEF} = {82409831-55FA-4F19-9E6C-BA57259F5564}
		{0156323F-D7E8-4952-93BA-40D1C05E6976} = {A5583656-6D9F-42A9-A963-796F0AF0191B}
		{25449D75-179D-4D7C-83E5-B2A18B887F07} = {A5583656-6D9F-42A9-A963-796F0AF0191B}
		{9B755C07-BEF9-45B4-AF29-568B48FA87DB} = {A5583656-6D9F-42A9-A963-796F0AF0191B}
		{04506CFB-623B-4A3C-8A61-CCF69DAE2F05} = {A5583656-6D9F-42A9-A963-796F0AF0191B}
	EndGlobalSection
EndGlobal
