
Microsoft Visual Studio Solution File, Format Version 12.00
# Visual Studio Version 17
VisualStudioVersion = 17.0.31903.59
MinimumVisualStudioVersion = 10.0.40219.1
Project("{2150E333-8FDC-42A3-9474-1A3956D46DE8}") = "src", "src", "{7F46591D-4837-46C7-9F3D-A03A83C57772}"
EndProject
Project("{FAE04EC0-301F-11D3-BF4B-00C04F79EFBC}") = "ChirpCore", "src\ChirpCore\ChirpCore.csproj", "{662473D3-8F75-4742-B2E7-78666613E151}"
EndProject
Project("{FAE04EC0-301F-11D3-BF4B-00C04F79EFBC}") = "ChirpInfrastructure", "src\ChirpInfrastructure\ChirpInfrastructure.csproj", "{F35FF8B0-2185-40C6-86D5-A1B61927C68F}"
EndProject
Project("{FAE04EC0-301F-11D3-BF4B-00C04F79EFBC}") = "ChirpWeb", "src\ChirpWeb\ChirpWeb.csproj", "{CCE64F28-0BD1-4A39-98D0-9A58151E39DE}"
EndProject
Project("{2150E333-8FDC-42A3-9474-1A3956D46DE8}") = "test", "test", "{9AEC0D00-091B-4FEF-BACC-47E97770EE75}"
EndProject
Project("{FAE04EC0-301F-11D3-BF4B-00C04F79EFBC}") = "Chirp.ChirpCore.Tests", "test\Chirp.ChirpCore.Tests\Chirp.ChirpCore.Tests.csproj", "{029BA268-15AA-4C14-AAAC-9F1BB756BB12}"
EndProject
Project("{FAE04EC0-301F-11D3-BF4B-00C04F79EFBC}") = "Chirp.ChirpInfrastructure.Tests", "test\Chirp.ChirpInfrastructure.Tests\Chirp.ChirpInfrastructure.Tests.csproj", "{EA3EBE36-97BA-4554-A8E4-4AD5D90BE288}"
EndProject
Project("{FAE04EC0-301F-11D3-BF4B-00C04F79EFBC}") = "Chirp.ChirpWeb.Tests", "test\Chirp.ChirpWeb.Tests\Chirp.ChirpWeb.Tests.csproj", "{BCBEF773-1BCC-4C8B-BC9D-8AB601AC67A0}"
EndProject
Project("{FAE04EC0-301F-11D3-BF4B-00C04F79EFBC}") = "Chirp.CrossTests", "test\Chirp.CrossTests\Chirp.CrossTests.csproj", "{7908B851-7209-4539-B411-A61E6560B959}"
EndProject
Project("{2150E333-8FDC-42A3-9474-1A3956D46DE8}") = "tests", "tests", "{173B0D76-FB21-4876-9A56-2C350C1E8A95}"
EndProject
Project("{FAE04EC0-301F-11D3-BF4B-00C04F79EFBC}") = "PlayWrightTests", "test\tests\PlayWrightTests\PlayWrightTests.csproj", "{1A11A7C4-90B1-42C7-B950-281F3B85F727}"
EndProject
Global
	GlobalSection(SolutionConfigurationPlatforms) = preSolution
		Debug|Any CPU = Debug|Any CPU
		Release|Any CPU = Release|Any CPU
	EndGlobalSection
	GlobalSection(SolutionProperties) = preSolution
		HideSolutionNode = FALSE
	EndGlobalSection
	GlobalSection(ProjectConfigurationPlatforms) = postSolution
		{662473D3-8F75-4742-B2E7-78666613E151}.Debug|Any CPU.ActiveCfg = Debug|Any CPU
		{662473D3-8F75-4742-B2E7-78666613E151}.Debug|Any CPU.Build.0 = Debug|Any CPU
		{662473D3-8F75-4742-B2E7-78666613E151}.Release|Any CPU.ActiveCfg = Release|Any CPU
		{662473D3-8F75-4742-B2E7-78666613E151}.Release|Any CPU.Build.0 = Release|Any CPU
		{F35FF8B0-2185-40C6-86D5-A1B61927C68F}.Debug|Any CPU.ActiveCfg = Debug|Any CPU
		{F35FF8B0-2185-40C6-86D5-A1B61927C68F}.Debug|Any CPU.Build.0 = Debug|Any CPU
		{F35FF8B0-2185-40C6-86D5-A1B61927C68F}.Release|Any CPU.ActiveCfg = Release|Any CPU
		{F35FF8B0-2185-40C6-86D5-A1B61927C68F}.Release|Any CPU.Build.0 = Release|Any CPU
		{CCE64F28-0BD1-4A39-98D0-9A58151E39DE}.Debug|Any CPU.ActiveCfg = Debug|Any CPU
		{CCE64F28-0BD1-4A39-98D0-9A58151E39DE}.Debug|Any CPU.Build.0 = Debug|Any CPU
		{CCE64F28-0BD1-4A39-98D0-9A58151E39DE}.Release|Any CPU.ActiveCfg = Release|Any CPU
		{CCE64F28-0BD1-4A39-98D0-9A58151E39DE}.Release|Any CPU.Build.0 = Release|Any CPU
		{029BA268-15AA-4C14-AAAC-9F1BB756BB12}.Debug|Any CPU.ActiveCfg = Debug|Any CPU
		{029BA268-15AA-4C14-AAAC-9F1BB756BB12}.Debug|Any CPU.Build.0 = Debug|Any CPU
		{029BA268-15AA-4C14-AAAC-9F1BB756BB12}.Release|Any CPU.ActiveCfg = Release|Any CPU
		{029BA268-15AA-4C14-AAAC-9F1BB756BB12}.Release|Any CPU.Build.0 = Release|Any CPU
		{EA3EBE36-97BA-4554-A8E4-4AD5D90BE288}.Debug|Any CPU.ActiveCfg = Debug|Any CPU
		{EA3EBE36-97BA-4554-A8E4-4AD5D90BE288}.Debug|Any CPU.Build.0 = Debug|Any CPU
		{EA3EBE36-97BA-4554-A8E4-4AD5D90BE288}.Release|Any CPU.ActiveCfg = Release|Any CPU
		{EA3EBE36-97BA-4554-A8E4-4AD5D90BE288}.Release|Any CPU.Build.0 = Release|Any CPU
		{BCBEF773-1BCC-4C8B-BC9D-8AB601AC67A0}.Debug|Any CPU.ActiveCfg = Debug|Any CPU
		{BCBEF773-1BCC-4C8B-BC9D-8AB601AC67A0}.Debug|Any CPU.Build.0 = Debug|Any CPU
		{BCBEF773-1BCC-4C8B-BC9D-8AB601AC67A0}.Release|Any CPU.ActiveCfg = Release|Any CPU
		{BCBEF773-1BCC-4C8B-BC9D-8AB601AC67A0}.Release|Any CPU.Build.0 = Release|Any CPU
		{7908B851-7209-4539-B411-A61E6560B959}.Debug|Any CPU.ActiveCfg = Debug|Any CPU
		{7908B851-7209-4539-B411-A61E6560B959}.Debug|Any CPU.Build.0 = Debug|Any CPU
		{7908B851-7209-4539-B411-A61E6560B959}.Release|Any CPU.ActiveCfg = Release|Any CPU
		{7908B851-7209-4539-B411-A61E6560B959}.Release|Any CPU.Build.0 = Release|Any CPU
		{1A11A7C4-90B1-42C7-B950-281F3B85F727}.Debug|Any CPU.ActiveCfg = Debug|Any CPU
		{1A11A7C4-90B1-42C7-B950-281F3B85F727}.Debug|Any CPU.Build.0 = Debug|Any CPU
		{1A11A7C4-90B1-42C7-B950-281F3B85F727}.Release|Any CPU.ActiveCfg = Release|Any CPU
		{1A11A7C4-90B1-42C7-B950-281F3B85F727}.Release|Any CPU.Build.0 = Release|Any CPU
	EndGlobalSection
	GlobalSection(NestedProjects) = preSolution
		{662473D3-8F75-4742-B2E7-78666613E151} = {7F46591D-4837-46C7-9F3D-A03A83C57772}
		{F35FF8B0-2185-40C6-86D5-A1B61927C68F} = {7F46591D-4837-46C7-9F3D-A03A83C57772}
		{CCE64F28-0BD1-4A39-98D0-9A58151E39DE} = {7F46591D-4837-46C7-9F3D-A03A83C57772}
		{029BA268-15AA-4C14-AAAC-9F1BB756BB12} = {9AEC0D00-091B-4FEF-BACC-47E97770EE75}
		{EA3EBE36-97BA-4554-A8E4-4AD5D90BE288} = {9AEC0D00-091B-4FEF-BACC-47E97770EE75}
		{BCBEF773-1BCC-4C8B-BC9D-8AB601AC67A0} = {9AEC0D00-091B-4FEF-BACC-47E97770EE75}
		{7908B851-7209-4539-B411-A61E6560B959} = {9AEC0D00-091B-4FEF-BACC-47E97770EE75}
		{173B0D76-FB21-4876-9A56-2C350C1E8A95} = {9AEC0D00-091B-4FEF-BACC-47E97770EE75}
		{1A11A7C4-90B1-42C7-B950-281F3B85F727} = {173B0D76-FB21-4876-9A56-2C350C1E8A95}
	EndGlobalSection
EndGlobal
