
Microsoft Visual Studio Solution File, Format Version 12.00
# Visual Studio Version 17
VisualStudioVersion = 17.0.31903.59
MinimumVisualStudioVersion = 10.0.40219.1
Project("{2150E333-8FDC-42A3-9474-1A3956D46DE8}") = "src", "src", "{059BC530-AA63-4355-9EFB-0758E83C5B7D}"
EndProject
Project("{FAE04EC0-301F-11D3-BF4B-00C04F79EFBC}") = "ChirpCore", "src\ChirpCore\ChirpCore.csproj", "{62870BE0-86E9-437B-8853-0877B4EE8A49}"
EndProject
Project("{FAE04EC0-301F-11D3-BF4B-00C04F79EFBC}") = "Chirp.ChirpCore.Tests", "Chirp.ChirpCore.Tests.csproj", "{5859DC54-7499-4778-8CF7-A2075ACABE59}"
EndProject
Global
	GlobalSection(SolutionConfigurationPlatforms) = preSolution
		Debug|Any CPU = Debug|Any CPU
		Release|Any CPU = Release|Any CPU
	EndGlobalSection
	GlobalSection(SolutionProperties) = preSolution
		HideSolutionNode = FALSE
	EndGlobalSection
	GlobalSection(ProjectConfigurationPlatforms) = postSolution
		{5859DC54-7499-4778-8CF7-A2075ACABE59}.Debug|Any CPU.ActiveCfg = Debug|Any CPU
		{5859DC54-7499-4778-8CF7-A2075ACABE59}.Debug|Any CPU.Build.0 = Debug|Any CPU
		{5859DC54-7499-4778-8CF7-A2075ACABE59}.Release|Any CPU.ActiveCfg = Release|Any CPU
		{5859DC54-7499-4778-8CF7-A2075ACABE59}.Release|Any CPU.Build.0 = Release|Any CPU
	EndGlobalSection
EndGlobal
