
Microsoft Visual Studio Solution File, Format Version 12.00
# Visual Studio Version 17
VisualStudioVersion = 17.0.31903.59
MinimumVisualStudioVersion = 10.0.40219.1
Project("{FAE04EC0-301F-11D3-BF4B-00C04F79EFBC}") = "ChirpWeb", "..\..\src\ChirpWeb\ChirpWeb.csproj", "{551A3732-B6D9-4D81-8103-8048BCE5CFBB}"
EndProject
Project("{FAE04EC0-301F-11D3-BF4B-00C04F79EFBC}") = "Chirp.ChirpWeb.Tests", "Chirp.ChirpWeb.Tests.csproj", "{B96DD129-9B39-4B93-BDEB-10FFED74A828}"
EndProject
Global
	GlobalSection(SolutionConfigurationPlatforms) = preSolution
		Debug|Any CPU = Debug|Any CPU
		Release|Any CPU = Release|Any CPU
	EndGlobalSection
	GlobalSection(SolutionProperties) = preSolution
		HideSolutionNode = FALSE
	EndGlobalSection
	GlobalSection(ProjectConfigurationPlatforms) = postSolution
		{551A3732-B6D9-4D81-8103-8048BCE5CFBB}.Debug|Any CPU.ActiveCfg = Debug|Any CPU
		{551A3732-B6D9-4D81-8103-8048BCE5CFBB}.Debug|Any CPU.Build.0 = Debug|Any CPU
		{551A3732-B6D9-4D81-8103-8048BCE5CFBB}.Release|Any CPU.ActiveCfg = Release|Any CPU
		{551A3732-B6D9-4D81-8103-8048BCE5CFBB}.Release|Any CPU.Build.0 = Release|Any CPU
		{B96DD129-9B39-4B93-BDEB-10FFED74A828}.Debug|Any CPU.ActiveCfg = Debug|Any CPU
		{B96DD129-9B39-4B93-BDEB-10FFED74A828}.Debug|Any CPU.Build.0 = Debug|Any CPU
		{B96DD129-9B39-4B93-BDEB-10FFED74A828}.Release|Any CPU.ActiveCfg = Release|Any CPU
		{B96DD129-9B39-4B93-BDEB-10FFED74A828}.Release|Any CPU.Build.0 = Release|Any CPU
	EndGlobalSection
EndGlobal
