
Microsoft Visual Studio Solution File, Format Version 12.00
# Visual Studio Version 17
VisualStudioVersion = 17.0.31903.59
MinimumVisualStudioVersion = 10.0.40219.1
Project("{2150E333-8FDC-42A3-9474-1A3956D46DE8}") = "src", "src", "{059BC530-AA63-4355-9EFB-0758E83C5B7D}"
EndProject
Project("{FAE04EC0-301F-11D3-BF4B-00C04F79EFBC}") = "ChirpWeb", "src\ChirpWeb\ChirpWeb.csproj", "{491426D5-0389-4965-8422-637BBD186170}"
EndProject
Project("{FAE04EC0-301F-11D3-BF4B-00C04F79EFBC}") = "Chirp.ChirpWeb.Tests", "Chirp.ChirpWeb.Tests.csproj", "{7F494971-A32E-4B57-BE4D-B5942AC5BAEE}"
EndProject
Global
	GlobalSection(SolutionConfigurationPlatforms) = preSolution
		Debug|Any CPU = Debug|Any CPU
		Release|Any CPU = Release|Any CPU
	EndGlobalSection
	GlobalSection(SolutionProperties) = preSolution
		HideSolutionNode = FALSE
	EndGlobalSection
	GlobalSection(ProjectConfigurationPlatforms) = postSolution
		{7F494971-A32E-4B57-BE4D-B5942AC5BAEE}.Debug|Any CPU.ActiveCfg = Debug|Any CPU
		{7F494971-A32E-4B57-BE4D-B5942AC5BAEE}.Debug|Any CPU.Build.0 = Debug|Any CPU
		{7F494971-A32E-4B57-BE4D-B5942AC5BAEE}.Release|Any CPU.ActiveCfg = Release|Any CPU
		{7F494971-A32E-4B57-BE4D-B5942AC5BAEE}.Release|Any CPU.Build.0 = Release|Any CPU
	EndGlobalSection
EndGlobal
